
Microsoft Visual Studio Solution File, Format Version 12.00
# Visual Studio Version 16
VisualStudioVersion = 16.0.31729.503
MinimumVisualStudioVersion = 10.0.40219.1
Project("{FAE04EC0-301F-11D3-BF4B-00C04F79EFBC}") = "ServerConfigMtk-P2-20190140036", "ServerConfigMtk-P2-20190140036.csproj", "{B908C675-6B76-4625-BBAE-5BA81117E634}"
EndProject
Global
	GlobalSection(SolutionConfigurationPlatforms) = preSolution
		Debug|Any CPU = Debug|Any CPU
		Release|Any CPU = Release|Any CPU
	EndGlobalSection
	GlobalSection(ProjectConfigurationPlatforms) = postSolution
		{B908C675-6B76-4625-BBAE-5BA81117E634}.Debug|Any CPU.ActiveCfg = Debug|Any CPU
		{B908C675-6B76-4625-BBAE-5BA81117E634}.Debug|Any CPU.Build.0 = Debug|Any CPU
		{B908C675-6B76-4625-BBAE-5BA81117E634}.Release|Any CPU.ActiveCfg = Release|Any CPU
		{B908C675-6B76-4625-BBAE-5BA81117E634}.Release|Any CPU.Build.0 = Release|Any CPU
	EndGlobalSection
	GlobalSection(SolutionProperties) = preSolution
		HideSolutionNode = FALSE
	EndGlobalSection
	GlobalSection(ExtensibilityGlobals) = postSolution
		SolutionGuid = {05D6A09F-8BDE-45FC-A5FE-74550B48F2C1}
	EndGlobalSection
EndGlobal
